# This file was autogenerated by Stack.
# You should not edit this file by hand.
# For more information, please see the documentation at:
#   https://docs.haskellstack.org/en/stable/lock_files

packages:
- completed:
    hackage: StateVar-1.2@sha256:9ab3e4a0e252d28bc2f799c83e0725c3e23e8d3b722cff0fdb9822e64b6c16ac,1413
    pantry-tree:
      size: 314
      sha256: 7e528e8de1df24f858e0be63bf8987537b2752a3d4f6ec823e5ac0e1dc7f1520
  original:
    hackage: StateVar-1.2@sha256:9ab3e4a0e252d28bc2f799c83e0725c3e23e8d3b722cff0fdb9822e64b6c16ac,1413
- completed:
    hackage: adjunctions-4.4@sha256:2738dd5f5d5e93749adb14a05472e58a96a75d0f299e46371c6f46dc4e97daf9,3067
    pantry-tree:
      size: 1560
      sha256: b9b90a45e77481a8f24baa9b61dbf862199ec736b99344b5c7ae9c905f0425d8
  original:
    hackage: adjunctions-4.4@sha256:2738dd5f5d5e93749adb14a05472e58a96a75d0f299e46371c6f46dc4e97daf9,3067
- completed:
    hackage: clock-0.8@sha256:b4ae207e2d3761450060a0d0feb873269233898039c76fceef9cc1a544067767,4113
    pantry-tree:
      size: 446
      sha256: d9ac8ce6a19812fe74cb1e74228e6e624eda19021ff4d12e24611f88abacd38a
  original:
    hackage: clock-0.8@sha256:b4ae207e2d3761450060a0d0feb873269233898039c76fceef9cc1a544067767,4113
- completed:
    hackage: contravariant-1.5.2@sha256:853259271870000c007a281f0bf0bf6e1aaa97c5fd5cd5734d7b0d79b9de2af5,2761
    pantry-tree:
      size: 699
      sha256: 9d1b9732339d893bf03b2a8ca619430b4b601ee2c9c07f80188c2d54e23573cf
  original:
    hackage: contravariant-1.5.2@sha256:853259271870000c007a281f0bf0bf6e1aaa97c5fd5cd5734d7b0d79b9de2af5,2761
- completed:
    hackage: free-5.1.4@sha256:6d59fbddf9f33ee296c460f1f0fcc89fc5d7f53b5d13e172df2e44305e78bb90,4238
    pantry-tree:
      size: 3361
      sha256: be472fee0db5940b33ae871fa957ac2291b30166a3b27f96027d08e0ced0555e
  original:
    hackage: free-5.1.4@sha256:6d59fbddf9f33ee296c460f1f0fcc89fc5d7f53b5d13e172df2e44305e78bb90,4238
- completed:
    hackage: invariant-0.5.4@sha256:04596946f13f4ec241eae5382c3c19eefebf6a7e2e5e60a4b8187c9115f8594a,3400
    pantry-tree:
      size: 650
      sha256: a25ae15c236b73849c1389a9f314ea2a447b2b1a370349df5227e37229629679
  original:
    hackage: invariant-0.5.4@sha256:04596946f13f4ec241eae5382c3c19eefebf6a7e2e5e60a4b8187c9115f8594a,3400
- completed:
    hackage: profunctors-5.6@sha256:8be6a4efb50a030b59d1213edb119636801b8e96768671e8953b20e6f4f2a7fa,2160
    pantry-tree:
      size: 1640
      sha256: ef35ac2ebade08a2c85abd2736266fc84393ffedd292496ff3f260dad2a9d94a
  original:
    hackage: profunctors-5.6@sha256:8be6a4efb50a030b59d1213edb119636801b8e96768671e8953b20e6f4f2a7fa,2160
- completed:
    hackage: quickcheck-io-0.2.0@sha256:7bf0b68fb90873825eb2e5e958c1b76126dcf984debb998e81673e6d837e0b2d,1133
    pantry-tree:
      size: 223
      sha256: afaa27fbf8b35aa7ce174abd9c59a84a12fd7f3d08300c3280b22c1d204f11ca
  original:
    hackage: quickcheck-io-0.2.0@sha256:7bf0b68fb90873825eb2e5e958c1b76126dcf984debb998e81673e6d837e0b2d,1133
- completed:
    hackage: safe-0.3.19@sha256:0910dafb8898f52bde4c646e560228a0fd08b1fca5457f222d2f5c0fad6d2039,2317
    pantry-tree:
      size: 564
      sha256: 40010636c24cebf3f3e29e9b3b8e6c35f249f5e5d253925433140bb0b4e3f891
  original:
    hackage: safe-0.3.19@sha256:0910dafb8898f52bde4c646e560228a0fd08b1fca5457f222d2f5c0fad6d2039,2317
- completed:
    hackage: setenv-0.1.1.3@sha256:c5916ac0d2a828473cd171261328a290afe0abd799db1ac8c310682fe778c45b,1053
    pantry-tree:
      size: 212
      sha256: 9a071cf2552e6881cd3ac0ce81252d5b96ac7f42cae517d973ea167e3d503265
  original:
    hackage: setenv-0.1.1.3@sha256:c5916ac0d2a828473cd171261328a290afe0abd799db1ac8c310682fe778c45b,1053
- completed:
    hackage: tf-random-0.5@sha256:14012837d0f0e18fdbbe3d56e67da8622ee5e20b180abce952dd50bd9f36b326,3983
    pantry-tree:
      size: 941
      sha256: d6483580cfea846cbf23ff1d7a67849546d5096425b6d61318a34554043b4ffb
  original:
    hackage: tf-random-0.5@sha256:14012837d0f0e18fdbbe3d56e67da8622ee5e20b180abce952dd50bd9f36b326,3983
- completed:
    hackage: hspec-core-2.7.4@sha256:d37eab1d356deef00063575796bcf6029207bfaa27ec984f13222ef0862d8f5b,4537
    pantry-tree:
      size: 3748
      sha256: 4a8904e018794b1ff735ed54d413402225f0794f746b1b3aef368c63890feecc
  original:
    hackage: hspec-core-2.7.4@sha256:d37eab1d356deef00063575796bcf6029207bfaa27ec984f13222ef0862d8f5b,4537
- completed:
    hackage: hspec-discover-2.7.4@sha256:b6c6f50d313d7d3ed3929f6dd35e0f4c726d6fc76915c6b5e48374e895628866,2166
    pantry-tree:
      size: 1080
      sha256: 68dcd6bab85df3c84a0f088624241be2867c94b0cdd76acd6e85c318e37be606
  original:
    hackage: hspec-discover-2.7.4@sha256:b6c6f50d313d7d3ed3929f6dd35e0f4c726d6fc76915c6b5e48374e895628866,2166
- completed:
    hackage: hspec-expectations-0.8.2@sha256:e2db24881baadc2d9d23b03cb629e80dcbda89a6b04ace9adb5f4d02ef8b31aa,1594
    pantry-tree:
      size: 602
      sha256: cba2c119c85cf68a18d35cccb365d032359442c82ceb93b295020609712d791f
  original:
    hackage: hspec-expectations-0.8.2@sha256:e2db24881baadc2d9d23b03cb629e80dcbda89a6b04ace9adb5f4d02ef8b31aa,1594
- completed:
    hackage: kan-extensions-5.2.1@sha256:331cd40a15c27d0be9ea1d4b719fc47dba62f784a49b03394841b9a332f1abea,2908
    pantry-tree:
      size: 1472
      sha256: ba045d304be89603040bca88a189fd6861fdb06c81b0f4f29bb572afc6abf646
  original:
    hackage: kan-extensions-5.2.1@sha256:331cd40a15c27d0be9ea1d4b719fc47dba62f784a49b03394841b9a332f1abea,2908
- completed:
    hackage: semigroupoids-5.3.4@sha256:120873dfa8084ec92745c766336e90d648c347ab99ce55329d5af36dbd3732ba,7596
    pantry-tree:
      size: 1990
      sha256: 2b3db5fbe5f68fc52532e4fa988d01d69c8845c49714c9c31a47309baa1df836
  original:
    hackage: semigroupoids-5.3.4@sha256:120873dfa8084ec92745c766336e90d648c347ab99ce55329d5af36dbd3732ba,7596
- completed:
    hackage: servant-client-core-0.18@sha256:6702f04f3e5ac47abace5b26ab1948480437334747895407f0697502a403b96a,3593
    pantry-tree:
      size: 1444
      sha256: 20f538ae12091696073a2ac5f3301a4a56686f5e2889b2a9e539c0d61a332cd1
  original:
    hackage: servant-client-core-0.18@sha256:6702f04f3e5ac47abace5b26ab1948480437334747895407f0697502a403b96a,3593
- completed:
    hackage: hspec-2.7.4@sha256:8d0430e4a7ba8fa1482a1766fd4973f0c5e7c5adf512bded7358269bb9486c9e,1692
    pantry-tree:
      size: 532
      sha256: 6a6ba1798090ee6245f5995303b6ccf1afea26c73d4e69b95330c8914056d420
  original:
    hackage: hspec-2.7.4@sha256:8d0430e4a7ba8fa1482a1766fd4973f0c5e7c5adf512bded7358269bb9486c9e,1692
- completed:
    hackage: http-client-0.7.2.1@sha256:2550f699beeb445e55781f486f02d65a6c7180395cd052e3b0be65a563488174,5352
    pantry-tree:
      size: 2459
      sha256: bfce2f574abad1551ae7c64f2efd592ed05837af603efe2efb6f0136f8f0c4d8
  original:
    hackage: http-client-0.7.2.1@sha256:2550f699beeb445e55781f486f02d65a6c7180395cd052e3b0be65a563488174,5352
- completed:
    hackage: servant-client-0.18@sha256:3e3b8d145cf811e19849744ad305aa0bd42301d01ff75e1dac169bc9f5d18221,4589
    pantry-tree:
      size: 1299
      sha256: 445c610d83a6e356ed2a7808af8deac84708be3e44d38cbf76e60fd6105f9715
  original:
    hackage: servant-client-0.18@sha256:3e3b8d145cf811e19849744ad305aa0bd42301d01ff75e1dac169bc9f5d18221,4589
- completed:
    hackage: aeson-1.5.4.1@sha256:6e4da18b16c1a9fb399f5544a357be7c82fe7c4300197de64928cb527b67957a,6906
    pantry-tree:
      size: 39759
      sha256: a9e0bac9f9c77f8667b02359ab68c669af560d201f065f600708147c0ececdf0
  original:
    hackage: aeson-1.5.4.1@sha256:6e4da18b16c1a9fb399f5544a357be7c82fe7c4300197de64928cb527b67957a,6906
- completed:
    hackage: servant-0.18@sha256:2b5c81089540c208b1945b5ca0c3551c862138d71b224a39fa275a62852a5c75,5068
    pantry-tree:
      size: 2458
      sha256: 701b6443e486601dd127b92a28ca052278dea8dc528f013781c1304826e117d8
  original:
    hackage: servant-0.18@sha256:2b5c81089540c208b1945b5ca0c3551c862138d71b224a39fa275a62852a5c75,5068
- completed:
    hackage: servant-server-0.18@sha256:ec7f361bc9848968b1fff8091fa2213b721d3f47549421945c6a7ca1702e22e6,5424
    pantry-tree:
      size: 2546
      sha256: c2470cd8665742cee13faae1db7e3d49d70b027d57c4578e3f7ba66ffc8dc7b4
  original:
    hackage: servant-server-0.18@sha256:ec7f361bc9848968b1fff8091fa2213b721d3f47549421945c6a7ca1702e22e6,5424
- completed:
    hackage: wai-3.2.2.1@sha256:3f8fcbd4dec70fb549f1f9ec2b038df215a30afd74c01c1d36ecb85845115ba3,1765
    pantry-tree:
      size: 485
      sha256: de2162f984227d9d0cc27b7f0a9b30cc03ef2670028bd40fa8c55fee7b92f000
  original:
    hackage: wai-3.2.2.1@sha256:3f8fcbd4dec70fb549f1f9ec2b038df215a30afd74c01c1d36ecb85845115ba3,1765
- completed:
    hackage: warp-3.3.13@sha256:0db023ae6b65743a82b8ec23db60e73c6046dffa03884eae3289a248e50965ba,10798
    pantry-tree:
      size: 3899
      sha256: 5242276b306a6c921fed1f4d29b4041c1ac4df0f863b535e1046ed6f3114f3c9
  original:
    hackage: warp-3.3.13@sha256:0db023ae6b65743a82b8ec23db60e73c6046dffa03884eae3289a248e50965ba,10798
- completed:
    hackage: QuickCheck-2.14.1@sha256:01e46d7b0a8d3148288ec977625f62d5516ebb5031a50c63f0453863301b4a79,7736
    pantry-tree:
      size: 2315
      sha256: 21961d0875fc156cdd97110a6fb277f37aa31faa3c7910895f84c82630e7ba46
  original:
    hackage: QuickCheck-2.14.1@sha256:01e46d7b0a8d3148288ec977625f62d5516ebb5031a50c63f0453863301b4a79,7736
- completed:
    hackage: async-2.2.2@sha256:a178c166856da7ff22fe4500337b54812e94fd2059409452187d72e057ede9cd,2934
    pantry-tree:
      size: 501
      sha256: 647557f470dd934404806bcc7201ff9b2d440daaf11f570ac6a46d9b2ef42d98
  original:
    hackage: async-2.2.2@sha256:a178c166856da7ff22fe4500337b54812e94fd2059409452187d72e057ede9cd,2934
- completed:
    hackage: attoparsec-0.13.2.4@sha256:5941a05141a61239e8d6c4f2c9876bec3765d786766721b8474b8625febf914a,5796
    pantry-tree:
      size: 5231
      sha256: 623047a3f229b2cd082928f7d78c5cac15558504949e5999fad734eff820fa30
  original:
    hackage: attoparsec-0.13.2.4@sha256:5941a05141a61239e8d6c4f2c9876bec3765d786766721b8474b8625febf914a,5796
- completed:
    hackage: auto-update-0.1.6@sha256:10adca282e131a2fa01fb7a411b02811685c1cea02e9813df2d7fb468b5ef638,1373
    pantry-tree:
      size: 828
      sha256: 5e27352ca8e89e569204445b3f7be4951afbcd10cbac701ece75d2070cbed130
  original:
    hackage: auto-update-0.1.6@sha256:10adca282e131a2fa01fb7a411b02811685c1cea02e9813df2d7fb468b5ef638,1373
- completed:
    hackage: base-compat-0.11.2@sha256:f95374022a56e8c74a289e2b70ec50a1365f58b5f1f50f5c7f0fc14edf88f30e,7230
    pantry-tree:
      size: 8766
      sha256: a086220241249f89a69189cc09bade06a4c2bf8e71ccce4a57ea5114392a6fd5
  original:
    hackage: base-compat-0.11.2@sha256:f95374022a56e8c74a289e2b70ec50a1365f58b5f1f50f5c7f0fc14edf88f30e,7230
- completed:
    hackage: base-compat-batteries-0.11.2@sha256:eb3b976007754ddc16e8d4afacdd1e575ae746edb57dcd0a1a728ccd4b372a69,8804
    pantry-tree:
      size: 10877
      sha256: d0377131f915a089a2d723d9c4ed040a810fc738b51fb7e78b74083527ee5d60
  original:
    hackage: base-compat-batteries-0.11.2@sha256:eb3b976007754ddc16e8d4afacdd1e575ae746edb57dcd0a1a728ccd4b372a69,8804
- completed:
    hackage: base64-bytestring-1.1.0.0@sha256:190264fef9e65d9085f00ccda419137096d1dc94777c58272bc96821dc7f37c3,2334
    pantry-tree:
      size: 850
      sha256: 9ade5b5911df97c37b249b84f123297049f19578cae171c647bf47683633427c
  original:
    hackage: base64-bytestring-1.1.0.0@sha256:190264fef9e65d9085f00ccda419137096d1dc94777c58272bc96821dc7f37c3,2334
- completed:
    hackage: bifunctors-5.5.8@sha256:ce88fdc985753ec4e2a63f8a7a75a7edfb262e0458c74c1f931ddff949652a1e,3531
    pantry-tree:
      size: 1754
      sha256: 97e748304de5e45fe201051aa6e8204ef7195c922812c774bba64506cc8faa1e
  original:
    hackage: bifunctors-5.5.8@sha256:ce88fdc985753ec4e2a63f8a7a75a7edfb262e0458c74c1f931ddff949652a1e,3531
- completed:
    hackage: bsb-http-chunked-0.0.0.4@sha256:add530e695ea3058bf4f7156a1ca85653ff3635b87ec6d1be8c4891645190f96,2678
    pantry-tree:
      size: 460
      sha256: dfdd4147ba63807dc8b393e99061c5680822abd935bc60844fc9e1b23121ffa3
  original:
    hackage: bsb-http-chunked-0.0.0.4@sha256:add530e695ea3058bf4f7156a1ca85653ff3635b87ec6d1be8c4891645190f96,2678
- completed:
    hackage: case-insensitive-1.2.1.0@sha256:9dfd3171fc7698cf8d931727d3af3a7b389135b583e46b5adac1f9d2026fff61,2244
    pantry-tree:
      size: 688
      sha256: d6f175b17eacce002fc5336c17e119d989bd97f8ad9702446163c9e27c7c79b7
  original:
    hackage: case-insensitive-1.2.1.0@sha256:9dfd3171fc7698cf8d931727d3af3a7b389135b583e46b5adac1f9d2026fff61,2244
- completed:
    hackage: data-fix-0.3.0@sha256:058a266d1e658500e0ffb8babe68195b0ce06a081dcfc3814afc784b083fd9a5,1645
    pantry-tree:
      size: 261
      sha256: 6cf43af344624e087dbe2f1e96e985de6142e85bb02db8449df6d72bee3c1013
  original:
    hackage: data-fix-0.3.0@sha256:058a266d1e658500e0ffb8babe68195b0ce06a081dcfc3814afc784b083fd9a5,1645
- completed:
    hackage: dlist-1.0@sha256:124cb3aa1decebd5171b46601b1f74cca6cfae12d266ace3799b86dd05ef7cb4,3560
    pantry-tree:
      size: 953
      sha256: 8467afe9c94b2756e5703fed0950b51418bd877acbdd72e9dc3488b8f28f4e82
  original:
    hackage: dlist-1.0@sha256:124cb3aa1decebd5171b46601b1f74cca6cfae12d266ace3799b86dd05ef7cb4,3560
- completed:
    hackage: hashable-1.3.0.0@sha256:4c70f1407881059e93550d3742191254296b2737b793a742bd901348fb3e1fb1,5206
    pantry-tree:
      size: 1521
      sha256: 84aba72926c33debd71fb9c670869d842025f8ea45ad10084289a34f0448250f
  original:
    hackage: hashable-1.3.0.0@sha256:4c70f1407881059e93550d3742191254296b2737b793a742bd901348fb3e1fb1,5206
- completed:
    hackage: http-api-data-0.4.1.1@sha256:998b3a5e4d2707dff19e2a877c2f9859ac5fdf491a94d31024d20212c2c250b7,3704
    pantry-tree:
      size: 887
      sha256: 4e76b5bc6a9e45679e25665be7dd1ed8161840d4d781e3e125557e6f2b9d1fd7
  original:
    hackage: http-api-data-0.4.1.1@sha256:998b3a5e4d2707dff19e2a877c2f9859ac5fdf491a94d31024d20212c2c250b7,3704
- completed:
    hackage: http-date-0.0.9@sha256:73ecc6d1da5f27e8afac2b0fb65965a476dc698b62a01198d6e2a2b02f51f549,1746
    pantry-tree:
      size: 706
      sha256: 08d292941bc0f5f8ec59f408b6d9ebeed4fbd728e4a107d7effd6fb85bb56393
  original:
    hackage: http-date-0.0.9@sha256:73ecc6d1da5f27e8afac2b0fb65965a476dc698b62a01198d6e2a2b02f51f549,1746
- completed:
    hackage: http-media-0.8.0.0@sha256:a81152de722f01acd0d2671a1bc4dbd69386d5c586151ac7816550694d2fbfd9,4244
    pantry-tree:
      size: 2127
      sha256: 858b03584711bd5d0b4d60b851e277361096a1f5c9817b860afb8d5ed26ca6c9
  original:
    hackage: http-media-0.8.0.0@sha256:a81152de722f01acd0d2671a1bc4dbd69386d5c586151ac7816550694d2fbfd9,4244
- completed:
    hackage: http-types-0.12.3@sha256:f35229edb1bc7b3ae27f961b2407dadb5bfa69d43a8f5337ab46cdc79ca4afe9,2035
    pantry-tree:
      size: 833
      sha256: c9b77e1ba204fffbe4e1be80412bc48e47440a07e4b7db4cdc77d573a3e21b9a
  original:
    hackage: http-types-0.12.3@sha256:f35229edb1bc7b3ae27f961b2407dadb5bfa69d43a8f5337ab46cdc79ca4afe9,2035
- completed:
    hackage: http2-2.0.5@sha256:a624242e130f4c631c1145174ee8448d82563d8154ae1f3eb14b8e9eb069ef83,17644
    pantry-tree:
      size: 44789
      sha256: 4a472096ccf9115e94435407414da050165df6551c3e4d48fd63fb0832d8879a
  original:
    hackage: http2-2.0.5@sha256:a624242e130f4c631c1145174ee8448d82563d8154ae1f3eb14b8e9eb069ef83,17644
- completed:
    hackage: iproute-1.7.9@sha256:b0ff62c56568b9f25e3fad10b538f740813f4147bf54df7c01d4464513647fed,3108
    pantry-tree:
      size: 962
      sha256: 86dadfb29c9834e4d262618e12e1e1a4f8d19ee5b7cff67d09e7ac35172e5026
  original:
    hackage: iproute-1.7.9@sha256:b0ff62c56568b9f25e3fad10b538f740813f4147bf54df7c01d4464513647fed,3108
- completed:
    hackage: mmorph-1.1.3@sha256:abfc95648fef0008f984b94137ce8e1635fb071c7bfaaa7393ba175a1b3bb12f,919
    pantry-tree:
      size: 344
      sha256: b93535fa375deb2e07af348fe9730b7b50b71e4cba0992e03a96a8b8dc13cc48
  original:
    hackage: mmorph-1.1.3@sha256:abfc95648fef0008f984b94137ce8e1635fb071c7bfaaa7393ba175a1b3bb12f,919
- completed:
    hackage: monad-control-1.0.2.3@sha256:a3ae888d2fed2e2a0ca33ae11e2480219e07312bccf1a02ffe2ba2e3ec5913ee,2255
    pantry-tree:
      size: 334
      sha256: 519fea66a13faf24c4a980d19c58f81af5cf519a2ddcc0c199a8f8f3bf0299b8
  original:
    hackage: monad-control-1.0.2.3@sha256:a3ae888d2fed2e2a0ca33ae11e2480219e07312bccf1a02ffe2ba2e3ec5913ee,2255
- completed:
    hackage: network-3.1.2.0@sha256:3ace4c1cab0d8f7a0029188e0887a0526f0e148dccb4473eec65806c81df3a1d,4962
    pantry-tree:
      size: 3971
      sha256: fc7599404df3c29a28e73a298b6469b5be4511738cc4697f0372b2c755c7d89f
  original:
    hackage: network-3.1.2.0@sha256:3ace4c1cab0d8f7a0029188e0887a0526f0e148dccb4473eec65806c81df3a1d,4962
- completed:
    hackage: network-uri-2.6.3.0@sha256:d2d9ff3a80d9b2d1ff317a354bc0c56cc109c69a4c2449e5fc712d3ddce83ede,2902
    pantry-tree:
      size: 551
      sha256: 807aa9f8278604645d08882c44b3615f69c9189096471edb5fab26f9ea28cf5f
  original:
    hackage: network-uri-2.6.3.0@sha256:d2d9ff3a80d9b2d1ff317a354bc0c56cc109c69a4c2449e5fc712d3ddce83ede,2902
- completed:
    hackage: primitive-0.7.1.0@sha256:6a237bb338bcc43193077ff8e8c0f0ce2de14c652231496a15672e8b563a07e2,2604
    pantry-tree:
      size: 1376
      sha256: 924e88629b493abb6b2f3c3029cef076554a2b627091e3bb6887ec03487a707d
  original:
    hackage: primitive-0.7.1.0@sha256:6a237bb338bcc43193077ff8e8c0f0ce2de14c652231496a15672e8b563a07e2,2604
- completed:
    hackage: resourcet-1.2.4.2@sha256:d57516781d1721f70aa0b9ec8ea9200ab02bf76349cb76d73ad57729302289cc,1730
    pantry-tree:
      size: 647
      sha256: 153ab98f19697b059250f932414aa34261ea0e15f08441ff39271f3f66525baf
  original:
    hackage: resourcet-1.2.4.2@sha256:d57516781d1721f70aa0b9ec8ea9200ab02bf76349cb76d73ad57729302289cc,1730
- completed:
    hackage: scientific-0.3.6.2@sha256:dd49abc76bd8e2b57e7a057dc2bb742a00527b4bf9350f9374be03b5934e55d8,4679
    pantry-tree:
      size: 656
      sha256: d05b22ccd31ad7a4438d9217bf44771ac63c4eeb0acc9c624465044e5894766a
  original:
    hackage: scientific-0.3.6.2@sha256:dd49abc76bd8e2b57e7a057dc2bb742a00527b4bf9350f9374be03b5934e55d8,4679
- completed:
    hackage: simple-sendfile-0.2.30@sha256:c6893e159dc20eea6d0b805bfd8d9b73e6a6ba3fe72cc396acdc24fdcd33cc38,2676
    pantry-tree:
      size: 787
      sha256: be6c94ef2a9901e3c642f23a36f2cef8053e3d05779d12c8e625954448d73c55
  original:
    hackage: simple-sendfile-0.2.30@sha256:c6893e159dc20eea6d0b805bfd8d9b73e6a6ba3fe72cc396acdc24fdcd33cc38,2676
- completed:
    hackage: singleton-bool-0.1.5@sha256:56211ccd9f98c77e7e826c8a5db1e54b5a65b173c2c5bf3053e2619b04041285,1220
    pantry-tree:
      size: 326
      sha256: 0189da334aced513effdb69d2c6055342be2858fb1ed519bdc2574db58ad7216
  original:
    hackage: singleton-bool-0.1.5@sha256:56211ccd9f98c77e7e826c8a5db1e54b5a65b173c2c5bf3053e2619b04041285,1220
- completed:
    hackage: streaming-commons-0.2.2.1@sha256:28abce35b48dcfb871926dad4cb37bdf737372892b4e5222abc97ca31f2ac738,5159
    pantry-tree:
      size: 3325
      sha256: 2a79114539476ebd44d392a1f76174b32bc4d48a6f2bf5dcf7fa6b7494efdf4b
  original:
    hackage: streaming-commons-0.2.2.1@sha256:28abce35b48dcfb871926dad4cb37bdf737372892b4e5222abc97ca31f2ac738,5159
- completed:
    hackage: strict-0.4@sha256:1b50c7c9c636c3a1bbc7f8873b9be48f6ca0faca4df6eec6a014de6208fb1c0e,4200
    pantry-tree:
      size: 654
      sha256: fdf523b8990567d69277b999d68d492ed0b3a98a89b1acdfb3087e3b95eb9908
  original:
    hackage: strict-0.4@sha256:1b50c7c9c636c3a1bbc7f8873b9be48f6ca0faca4df6eec6a014de6208fb1c0e,4200
- completed:
    hackage: string-conversions-0.4.0.1@sha256:9c4075e54aa6cabfe244e07e2a1de720f3e98a0a6980fc671ab9c0da30f0f259,1617
    pantry-tree:
      size: 442
      sha256: eb5629dce6a5f06b6a80b63b8465023a5d5431c795588039e13f5f324af24e0a
  original:
    hackage: string-conversions-0.4.0.1@sha256:9c4075e54aa6cabfe244e07e2a1de720f3e98a0a6980fc671ab9c0da30f0f259,1617
- completed:
    hackage: tagged-0.8.6@sha256:7cce0b9355d1daad797555dfa906f756ed0253a40bc826ca367adf21d7b369f3,2606
    pantry-tree:
      size: 543
      sha256: a3eca0faaf7a4b2d415a8d700af434b65e58ccd7f6e353b0ac3435c308389681
  original:
    hackage: tagged-0.8.6@sha256:7cce0b9355d1daad797555dfa906f756ed0253a40bc826ca367adf21d7b369f3,2606
- completed:
    hackage: th-abstraction-0.4.0.0@sha256:91c980ebdd0310cec2fb27703c52ad6631ccf97c9d9e95056d90a5b2a3344e44,1913
    pantry-tree:
      size: 670
      sha256: c44f5e5df1f261d08993d60ecb0856080768146730ca365f8d2cca15431184d5
  original:
    hackage: th-abstraction-0.4.0.0@sha256:91c980ebdd0310cec2fb27703c52ad6631ccf97c9d9e95056d90a5b2a3344e44,1913
- completed:
    hackage: these-1.1.1.1@sha256:3b63a3942f1da4ff97786221e3c654b969b54d570fef2cf4db97da4ea26a36cc,2609
    pantry-tree:
      size: 351
      sha256: 9dbf8c39e2962926d5fb2c7bffba5e3407fed67a581ef60e2eaf3cb0c5778074
  original:
    hackage: these-1.1.1.1@sha256:3b63a3942f1da4ff97786221e3c654b969b54d570fef2cf4db97da4ea26a36cc,2609
- completed:
    hackage: time-compat-1.9.3@sha256:a1a0a8b088be6a7be50c7c0bf156ce876151b1cbe14261736965e361c8073b2a,4349
    pantry-tree:
      size: 3654
      sha256: 9bce314b9a677472b9cc051a6ed09f4a1555180a5e2702ad67d64d74c9b5ceed
  original:
    hackage: time-compat-1.9.3@sha256:a1a0a8b088be6a7be50c7c0bf156ce876151b1cbe14261736965e361c8073b2a,4349
- completed:
    hackage: time-manager-0.0.0@sha256:d258b1d08f9b926823f5380e9201303b0ebeefe4f9e0047c0cbd7b6728135ee1,657
    pantry-tree:
      size: 217
      sha256: 8f5ff87a3d7eb8c01e1f309b580dafe1dc77d3334b0a161994c5fd3a6ed51385
  original:
    hackage: time-manager-0.0.0@sha256:d258b1d08f9b926823f5380e9201303b0ebeefe4f9e0047c0cbd7b6728135ee1,657
- completed:
    hackage: transformers-base-0.4.5.2@sha256:e4d8155470905ba2942033a1537fc4cf91927d1c9b34693fd57ddf3bc02334af,1550
    pantry-tree:
      size: 275
      sha256: de1ab09cfb378c269105d6fcfa0fa9820081c2d1d91c87503a5f10068a4119e7
  original:
    hackage: transformers-base-0.4.5.2@sha256:e4d8155470905ba2942033a1537fc4cf91927d1c9b34693fd57ddf3bc02334af,1550
- completed:
    hackage: unix-compat-0.5.2@sha256:5508ebcfaf1a862886cd217178e283d613d47803785d8ab4a3bd2bb9b542a3fb,2041
    pantry-tree:
      size: 1045
      sha256: a49f0f7f11fc5715b5a71a36126bd73686b2f4cad12862633d062775bcd4f680
  original:
    hackage: unix-compat-0.5.2@sha256:5508ebcfaf1a862886cd217178e283d613d47803785d8ab4a3bd2bb9b542a3fb,2041
- completed:
    hackage: unordered-containers-0.2.13.0@sha256:6310c636f92ed4908fdd0de582b6be31c2851c7b5f2ec14e9f416eb94df7a078,4978
    pantry-tree:
      size: 1388
      sha256: 0cdd70d603c621e2b184ff7baa232af8a88a01745710b975b97df63e92c700dd
  original:
    hackage: unordered-containers-0.2.13.0@sha256:6310c636f92ed4908fdd0de582b6be31c2851c7b5f2ec14e9f416eb94df7a078,4978
- completed:
    hackage: uuid-types-1.0.3@sha256:4e27aa142cb37f391e78f36d13139ba0a907675429a21e8f2cfae9223202dd7e,2496
    pantry-tree:
      size: 521
      sha256: 96a50edc1466dbd5ced19d6552b480291d94dc342f5952bfe62756f79f4912c4
  original:
    hackage: uuid-types-1.0.3@sha256:4e27aa142cb37f391e78f36d13139ba0a907675429a21e8f2cfae9223202dd7e,2496
- completed:
    hackage: vault-0.3.1.4@sha256:62d235fefff78982a1f7765b824e03ee3c73af8e2b7fe6a0191d35dbbf1c2c9f,2220
    pantry-tree:
      size: 771
      sha256: 83cf698d5ea5b2ec9c6995aea1deec11dd3b8e31ec3bac9af46e7236e50ff122
  original:
    hackage: vault-0.3.1.4@sha256:62d235fefff78982a1f7765b824e03ee3c73af8e2b7fe6a0191d35dbbf1c2c9f,2220
- completed:
    hackage: vector-0.12.1.2@sha256:9291bc581f36e51d5bda9fce57cb980fbec3dd292996896f285fef39eb80a9a0,7364
    pantry-tree:
      size: 3784
      sha256: f79eefc8ba2b57ded2276f48046e64663d37b210b6047b6b6ecb30c9da196216
  original:
    hackage: vector-0.12.1.2@sha256:9291bc581f36e51d5bda9fce57cb980fbec3dd292996896f285fef39eb80a9a0,7364
- completed:
    hackage: wai-app-static-3.1.7.2@sha256:ad6b8b07777e6d63f5bf84da2522ac469ff66219a59cdb72baeb69af95e4ffe0,4170
    pantry-tree:
      size: 1343
      sha256: 37282cfefdbe501c3e6da9a17a8874614c7c8c8be22db9cdfd19103595969379
  original:
    hackage: wai-app-static-3.1.7.2@sha256:ad6b8b07777e6d63f5bf84da2522ac469ff66219a59cdb72baeb69af95e4ffe0,4170
- completed:
    hackage: word8-0.1.3@sha256:e5464d0600821a116467d4b12fef12b15ff040c3599500e5f0274225e78c6faf,1397
    pantry-tree:
      size: 478
      sha256: f90debca29fa7b54bb82f1bc6843c827fcea96b5149af4dd0ed69dad73856f0e
  original:
    hackage: word8-0.1.3@sha256:e5464d0600821a116467d4b12fef12b15ff040c3599500e5f0274225e78c6faf,1397
- completed:
    hackage: x509-1.7.5@sha256:01185a9a17bee4e89287d9e32bfaa673133cf2b09a39759627bed1f72ea528fd,2305
    pantry-tree:
      size: 1072
      sha256: 42cc162fbe2221555fb4d91e3de6699bc7731887c2c0e01ad79c8bf6ade988d9
  original:
    hackage: x509-1.7.5@sha256:01185a9a17bee4e89287d9e32bfaa673133cf2b09a39759627bed1f72ea528fd,2305
- completed:
    hackage: appar-0.1.8@sha256:a5d529bacbb74d566e4c5f9479af0637eac5957705f6db4d2670517489795de8,1070
    pantry-tree:
      size: 506
      sha256: c8bae7bc8c04b6c3593b48f19f1d626face90832f268f6857aba934bccd4272d
  original:
    hackage: appar-0.1.8@sha256:a5d529bacbb74d566e4c5f9479af0637eac5957705f6db4d2670517489795de8,1070
- completed:
    hackage: asn1-encoding-0.9.6@sha256:3655d9a68c8c082e0d22f33456d968ad8c484d4e95308ad9217788b1c343d8a6,2067
    pantry-tree:
      size: 981
      sha256: c7f1125ca9384ee6852837b523e701e1817dc9dc3dc0803fba4b876cd655f3f2
  original:
    hackage: asn1-encoding-0.9.6@sha256:3655d9a68c8c082e0d22f33456d968ad8c484d4e95308ad9217788b1c343d8a6,2067
- completed:
    hackage: asn1-parse-0.9.5@sha256:77c0126d63070df2d82cb4cfa4febb26c4e280f6d854bc778c2fa4d80ce692b8,976
    pantry-tree:
      size: 212
      sha256: 2a6766aa05af5b045ff2d097b5f99621f983d471e254079ef4e56acff26b2248
  original:
    hackage: asn1-parse-0.9.5@sha256:77c0126d63070df2d82cb4cfa4febb26c4e280f6d854bc778c2fa4d80ce692b8,976
- completed:
    hackage: asn1-types-0.3.4@sha256:8e879b3a5bbdd0031232eb84d904b5a3a2c20a18847692b996d774f4ff811355,1025
    pantry-tree:
      size: 525
      sha256: 254adba538008f12853e83b8909ba11ef11e9b8bcb1edc3a97dc6fdb29dad45a
  original:
    hackage: asn1-types-0.3.4@sha256:8e879b3a5bbdd0031232eb84d904b5a3a2c20a18847692b996d774f4ff811355,1025
- completed:
    hackage: assoc-1.0.2@sha256:0be532f389dcaf4969c9e1066e1dca41b08ca4272d1b88450f552281d93106cb,1183
    pantry-tree:
      size: 290
      sha256: 9503d8c8403523c175acc37a1432cf90961618a7310fe3f2a024e3eb39048208
  original:
    hackage: assoc-1.0.2@sha256:0be532f389dcaf4969c9e1066e1dca41b08ca4272d1b88450f552281d93106cb,1183
- completed:
    hackage: attoparsec-iso8601-1.0.1.0@sha256:a01c9144dd0e186cdfcff5a4239aecd40f7f519d9b9e8e3d5f41bfcf2ad350e6,1416
    pantry-tree:
      size: 347
      sha256: 0671a5aa0d2473503c123f3465c5eea0468e5398be88933494568196ea7c3c57
  original:
    hackage: attoparsec-iso8601-1.0.1.0@sha256:a01c9144dd0e186cdfcff5a4239aecd40f7f519d9b9e8e3d5f41bfcf2ad350e6,1416
- completed:
    hackage: base-orphans-0.8.3@sha256:e7cc449658f1a34c65a9417216ce55b0bb5580a9d21e4546a6482d629520e46b,3149
    pantry-tree:
      size: 1272
      sha256: 3db8cfcb5b03f035ae8d3b49c22b8da54d215b8a0e46445d53f0e15b6513def2
  original:
    hackage: base-orphans-0.8.3@sha256:e7cc449658f1a34c65a9417216ce55b0bb5580a9d21e4546a6482d629520e46b,3149
- completed:
    hackage: blaze-html-0.9.1.2@sha256:5cd99ebdbf18e096f548f49ccabad0ec1338a1e7dd5165ab304b25e2efb1cb54,2936
    pantry-tree:
      size: 2227
      sha256: ff6e5bf72d16de29dc93c5ea011636ee83146094d656495d282d41f4ee541d4a
  original:
    hackage: blaze-html-0.9.1.2@sha256:5cd99ebdbf18e096f548f49ccabad0ec1338a1e7dd5165ab304b25e2efb1cb54,2936
- completed:
    hackage: blaze-markup-0.8.2.7@sha256:66a4a250ef6597e3d147256ee3f3123d3b4848f2d2494f676ec293267e286f63,2276
    pantry-tree:
      size: 818
      sha256: 7aab40a86e7e7b952959c43c007ce99e62f861c71ca97a15d2d769fb35b40e95
  original:
    hackage: blaze-markup-0.8.2.7@sha256:66a4a250ef6597e3d147256ee3f3123d3b4848f2d2494f676ec293267e286f63,2276
- completed:
    hackage: byteorder-1.0.4@sha256:a952817dcbe20af0346fb55a28c13e95e2ddbf3e99f9b4fffdc063f150f13b20,636
    pantry-tree:
      size: 212
      sha256: 1544dc41983f7fe963740d9a8ce2aec1daef17bcb0916fda253dbfa73a14c77a
  original:
    hackage: byteorder-1.0.4@sha256:a952817dcbe20af0346fb55a28c13e95e2ddbf3e99f9b4fffdc063f150f13b20,636
- completed:
    hackage: comonad-5.0.6@sha256:fdf1b529a79765a8549ac7e9d439b769cca852778742db8702a9d9b2dc27e4a4,3496
    pantry-tree:
      size: 1819
      sha256: dbe8388045c8f4339f292d213ff8cfc6635d7e158c04caafe35576ae80905ac6
  original:
    hackage: comonad-5.0.6@sha256:fdf1b529a79765a8549ac7e9d439b769cca852778742db8702a9d9b2dc27e4a4,3496
- completed:
    hackage: cookie-0.4.5@sha256:22bbe2bea34cfc546eaca2468386035fec521b8dbae52f5aa2f994ed68b35e0e,1448
    pantry-tree:
      size: 360
      sha256: 60ea383838fb35f55265cbf84905a8f17434bb498f90d691621cbd2156da43e4
  original:
    hackage: cookie-0.4.5@sha256:22bbe2bea34cfc546eaca2468386035fec521b8dbae52f5aa2f994ed68b35e0e,1448
- completed:
    hackage: cryptonite-0.27@sha256:b75ec07ef0244574aa5374f0a1b349dff8c8f84583cb6c58fd95e565245716d4,18143
    pantry-tree:
      size: 22989
      sha256: 1a63bb79748aeb2c0312d6a166fe8436a139929b017bf208f002e79073d21966
  original:
    hackage: cryptonite-0.27@sha256:b75ec07ef0244574aa5374f0a1b349dff8c8f84583cb6c58fd95e565245716d4,18143
- completed:
    hackage: dec-0.0.3@sha256:1a822a19129c1eca8d12a85e4d6fdc77625016ea6c3e8ce30f8d32e0972faeec,1180
    pantry-tree:
      size: 212
      sha256: e95827d0c4bb7a97b8b612b49630f84252bb6e553e593d294150fb610277bdad
  original:
    hackage: dec-0.0.3@sha256:1a822a19129c1eca8d12a85e4d6fdc77625016ea6c3e8ce30f8d32e0972faeec,1180
- completed:
    hackage: file-embed-0.0.13.0@sha256:a819e90b91cab919ffef5895ab6e1b2a44eac395a585f489b0c289a4a12d1c54,1396
    pantry-tree:
      size: 477
      sha256: 6c8f71ca993658844b93a2120f2ff1536400e705890a6fbf0f4e9889ff502649
  original:
    hackage: file-embed-0.0.13.0@sha256:a819e90b91cab919ffef5895ab6e1b2a44eac395a585f489b0c289a4a12d1c54,1396
- completed:
    hackage: hourglass-0.2.12@sha256:e083f5e030dfebe432e30a9c0fa07a99a54eac992f622442646be561fd7a44e8,3085
    pantry-tree:
      size: 1605
      sha256: 2b452cfac948057203679468e3e856e7fdf884c3c051f42bc52ba6253ca896e0
  original:
    hackage: hourglass-0.2.12@sha256:e083f5e030dfebe432e30a9c0fa07a99a54eac992f622442646be561fd7a44e8,3085
- completed:
    hackage: integer-logarithms-1.0.3@sha256:63d42595ec92b71ac98a07b984b0a2eb3d4956f4ad2d856c3bf6fc3dc218d228,2820
    pantry-tree:
      size: 865
      sha256: 7feb7c37d4117f398377c7e0ad480bfa7f63e378753fc6a163deec1f3e9fbc23
  original:
    hackage: integer-logarithms-1.0.3@sha256:63d42595ec92b71ac98a07b984b0a2eb3d4956f4ad2d856c3bf6fc3dc218d228,2820
- completed:
    hackage: memory-0.15.0@sha256:be7024b50e876a9c3b7febaefdd81d5dc67268c58a7b4e6b3825bdc58274d88c,5002
    pantry-tree:
      size: 2509
      sha256: df13688e9516d23eab08bbec9d26338d072e85bf760b654335dc14289162988f
  original:
    hackage: memory-0.15.0@sha256:be7024b50e876a9c3b7febaefdd81d5dc67268c58a7b4e6b3825bdc58274d88c,5002
- completed:
    hackage: mime-types-0.1.0.9@sha256:d631fe56daed713ec7798933aaa1429dc9912d85375619aa6e25a0fefe8e95e7,826
    pantry-tree:
      size: 311
      sha256: 5cf87fbc920b9d268dde4964e91baac137708fdbdcf80e2bd6f23812a09d97f0
  original:
    hackage: mime-types-0.1.0.9@sha256:d631fe56daed713ec7798933aaa1429dc9912d85375619aa6e25a0fefe8e95e7,826
- completed:
    hackage: network-byte-order-0.1.6@sha256:1a8202ac91e151a181b9c9dfe5319e71869890d94a5cf96fd234ccf9c0af85d3,1299
    pantry-tree:
      size: 280
      sha256: 29bec20897b302bdf1a277ffcd70b4f35d200584199a4783aeb2ea8c69d8a4ae
  original:
    hackage: network-byte-order-0.1.6@sha256:1a8202ac91e151a181b9c9dfe5319e71869890d94a5cf96fd234ccf9c0af85d3,1299
- completed:
    hackage: old-locale-1.0.0.7@sha256:fa998be2c7e00cd26a6e9075bea790caaf3932caa3e9497ad69bc20380dd6911,1071
    pantry-tree:
      size: 263
      sha256: 462ef15cb35164d585aa3860f717c9685fbf05578330490860abd544381d2e24
  original:
    hackage: old-locale-1.0.0.7@sha256:fa998be2c7e00cd26a6e9075bea790caaf3932caa3e9497ad69bc20380dd6911,1071
- completed:
    hackage: optparse-applicative-0.16.0.0@sha256:de6f2a1be366a1f6db786883c605bbd121bbafbe41c4fff00a306672566b0e7f,4785
    pantry-tree:
      size: 2979
      sha256: fabeefe6fe000bbc1ba8d0a10e9452197e882f625937a8b6f40afec14d03eba4
  original:
    hackage: optparse-applicative-0.16.0.0@sha256:de6f2a1be366a1f6db786883c605bbd121bbafbe41c4fff00a306672566b0e7f,4785
- completed:
    hackage: pem-0.2.4@sha256:cc8e62118b783e284dc0fa032f54fe386a3861a948ec88079370a433c103a705,1441
    pantry-tree:
      size: 425
      sha256: 2413dd2c97c72d6e00330057b158973faa6336de068a9be4d6fdcfd474485f77
  original:
    hackage: pem-0.2.4@sha256:cc8e62118b783e284dc0fa032f54fe386a3861a948ec88079370a433c103a705,1441
- completed:
    hackage: psqueues-0.2.7.2@sha256:dbefb35cff7f85ecbe846aed9d6362a3ce1c45260885fb9d562d8c8ed8a81534,4926
    pantry-tree:
      size: 1696
      sha256: 3da71e8233d631954b5b853e34fa7fc7b052cc7f77291bc2037a95645462d3fd
  original:
    hackage: psqueues-0.2.7.2@sha256:dbefb35cff7f85ecbe846aed9d6362a3ce1c45260885fb9d562d8c8ed8a81534,4926
- completed:
    hackage: random-1.2.0@sha256:4321209c8faedc034810ea8ed0dbc4a36f1a1df97b75af024219f2f533da57de,6094
    pantry-tree:
      size: 1259
      sha256: 29ff0a7ec5bf123e2c40f849b7af163950854a6c08c68b4a1b4364ce7a515af0
  original:
    hackage: random-1.2.0@sha256:4321209c8faedc034810ea8ed0dbc4a36f1a1df97b75af024219f2f533da57de,6094
- completed:
    hackage: semigroups-0.19.1@sha256:ecae129621e0d2f77bef2f01e4458c2e0567ab6e1f39579c61d7cec8058ebb0e,6262
    pantry-tree:
      size: 534
      sha256: 61160272cccf0dcffe7fe23b7644412b959a8ec232bed4d43be235176f0bd90b
  original:
    hackage: semigroups-0.19.1@sha256:ecae129621e0d2f77bef2f01e4458c2e0567ab6e1f39579c61d7cec8058ebb0e,6262
- completed:
    hackage: splitmix-0.1.0.1@sha256:22f9662e7e8b173421872241edd39350078a9ed4bb9e9f503948c5b483c79276,5253
    pantry-tree:
      size: 1149
      sha256: b9a0c60e2d4786bbb276ce6606027a99615bf703fa3e0f01911e8c6a656c5161
  original:
    hackage: splitmix-0.1.0.1@sha256:22f9662e7e8b173421872241edd39350078a9ed4bb9e9f503948c5b483c79276,5253
- completed:
    hackage: transformers-compat-0.6.6@sha256:510709db2b12d1510d70de824ee544ca0a9e6f27aa7e299218cbacc0750b4a5e,5560
    pantry-tree:
      size: 1777
      sha256: e53f7b8deb576db7baa6e4c13a7c9904cd247f6e4807bd12a058d1527197064e
  original:
    hackage: transformers-compat-0.6.6@sha256:510709db2b12d1510d70de824ee544ca0a9e6f27aa7e299218cbacc0750b4a5e,5560
- completed:
    hackage: unliftio-core-0.2.0.1@sha256:9b3e44ea9aacacbfc35b3b54015af450091916ac3618a41868ebf6546977659a,1082
    pantry-tree:
      size: 328
      sha256: e81c5a1e82ec2cd68cbbbec9cd60567363abe02257fa1370a906f6754b6818b8
  original:
    hackage: unliftio-core-0.2.0.1@sha256:9b3e44ea9aacacbfc35b3b54015af450091916ac3618a41868ebf6546977659a,1082
- completed:
    hackage: utf8-string-1.0.1.1@sha256:68cc6cf665e7212334a51b63d6936daeaca023b2cfe8637d130acfe95f91700b,1151
    pantry-tree:
      size: 546
      sha256: 94c160d3cba160be807fc2957f539453660cf64bd6cb29879aba82424d03527e
  original:
    hackage: utf8-string-1.0.1.1@sha256:68cc6cf665e7212334a51b63d6936daeaca023b2cfe8637d130acfe95f91700b,1151
- completed:
    hackage: wai-extra-3.1.1@sha256:5807ba29372baad57049e4095e3fb31f0ff56e19087db4b6a0cc23ea9196bc34,7261
    pantry-tree:
      size: 3806
      sha256: 98032b6a28eb2c933392a55ad5598d89f6c61f7d7c31783fad9bf5ce712ca0c1
  original:
    hackage: wai-extra-3.1.1@sha256:5807ba29372baad57049e4095e3fb31f0ff56e19087db4b6a0cc23ea9196bc34,7261
- completed:
    hackage: zlib-0.6.2.2@sha256:eae95cb0cc80ff259de236b812072c4a74c6de398cb277ff0fba1148edc0253d,4809
    pantry-tree:
      size: 2536
      sha256: df339906f330a7ef0fd324586138d2672bcc2c6bbecf566d8a30d3779bb7e77a
  original:
    hackage: zlib-0.6.2.2@sha256:eae95cb0cc80ff259de236b812072c4a74c6de398cb277ff0fba1148edc0253d,4809
- completed:
    hackage: HUnit-1.6.0.0@sha256:8014b27c884becd8041214a1ab263fa92244ca62700a911aff604a1047869298,1570
    pantry-tree:
      size: 878
      sha256: 270a6f8d6ef23eba3a9a1697aa244576abb168d10cb8e4736cf4add2b09eb650
  original:
    hackage: HUnit-1.6.0.0@sha256:8014b27c884becd8041214a1ab263fa92244ca62700a911aff604a1047869298,1570
- completed:
    hackage: ansi-terminal-0.11@sha256:97470250c92aae14c4c810d7f664c532995ba8910e2ad797b29f22ad0d2d0194,3307
    pantry-tree:
      size: 1461
      sha256: 4098c4b8bb503fcf0730aedc8247a479d3e22fd1fe4c6b4b2b2b5da30bdfb713
  original:
    hackage: ansi-terminal-0.11@sha256:97470250c92aae14c4c810d7f664c532995ba8910e2ad797b29f22ad0d2d0194,3307
- completed:
    hackage: ansi-wl-pprint-0.6.9@sha256:20d30674f137d43aa0279c2c2cc5e45a5f1c3c57e301852494906158b6313bf7,2388
    pantry-tree:
      size: 472
      sha256: 66a06439d3d7ab8d15f396aae8e4c3cedd907ade9e35e73bedbbf55bbdc8f59b
  original:
    hackage: ansi-wl-pprint-0.6.9@sha256:20d30674f137d43aa0279c2c2cc5e45a5f1c3c57e301852494906158b6313bf7,2388
- completed:
    hackage: basement-0.0.11@sha256:af43e2e334e515b52ca309919b135c51b5e9411e6d4c68d0e8950d61eb5f25d1,5711
    pantry-tree:
      size: 5859
      sha256: 2b5bdb5b5a3ede3676aef58f0524c38881128338aede213913e64e0c4430906e
  original:
    hackage: basement-0.0.11@sha256:af43e2e334e515b52ca309919b135c51b5e9411e6d4c68d0e8950d61eb5f25d1,5711
- completed:
    hackage: blaze-builder-0.4.1.0@sha256:3231635f58df8f62a4e791d3ccade450d07dd370bf97729a8d0fabf113acc6dc,3558
    pantry-tree:
      size: 3101
      sha256: 87485743410492e67a1204e1d29afde8a073a38ac5885e8bd4b4a5837a60312d
  original:
    hackage: blaze-builder-0.4.1.0@sha256:3231635f58df8f62a4e791d3ccade450d07dd370bf97729a8d0fabf113acc6dc,3558
- completed:
    hackage: cabal-doctest-1.0.8@sha256:8bd1d614fb65f0d52609da30bf8e5ec71a4b6adf8ff5610edb3cb4d114576117,1491
    pantry-tree:
      size: 334
      sha256: 7fefc108ae11ff94853a3880160cbb0c460d23c15beb79df8caaedaaf4626715
  original:
    hackage: cabal-doctest-1.0.8@sha256:8bd1d614fb65f0d52609da30bf8e5ec71a4b6adf8ff5610edb3cb4d114576117,1491
- completed:
    hackage: call-stack-0.2.0@sha256:5ce796b78d5f964468ec6fe0717b4e7d0430817f37370c47b3e6b38e345b6643,1202
    pantry-tree:
      size: 500
      sha256: 30cc02f50a7f660db6b5c4218b4021cd78cae90b135d893d55f32a1c8b1e1c08
  original:
    hackage: call-stack-0.2.0@sha256:5ce796b78d5f964468ec6fe0717b4e7d0430817f37370c47b3e6b38e345b6643,1202
- completed:
    hackage: data-default-class-0.1.2.0@sha256:63e62120b7efd733a5a17cf59ceb43268e9a929c748127172d7d42f4a336e327,542
    pantry-tree:
      size: 224
      sha256: 5017630b11698aefa65fc61cab84a257ce97833c968d425e1b2d53d6c3b5c096
  original:
    hackage: data-default-class-0.1.2.0@sha256:63e62120b7efd733a5a17cf59ceb43268e9a929c748127172d7d42f4a336e327,542
- completed:
    hackage: distributive-0.6.2@sha256:2ace9babcdbd1c2db28638c200405fb85e3660fe19ceae4f03082590adc2c487,3198
    pantry-tree:
      size: 959
      sha256: 5954b4025c6ebe3d6ed82f2b1a78c71a8f8c1f5446f3f4e86a664c0bb17c7635
  original:
    hackage: distributive-0.6.2@sha256:2ace9babcdbd1c2db28638c200405fb85e3660fe19ceae4f03082590adc2c487,3198
- completed:
    hackage: fast-logger-3.0.2@sha256:03b74f5eeec0ac10d33ba23ac33d78f6f5450141fd45c17cb763003293ef35f8,2378
    pantry-tree:
      size: 1148
      sha256: 4f44fa01d9f6f40cd2de5012c6904df962fe90397b58c87c71c6ee49cc335c0d
  original:
    hackage: fast-logger-3.0.2@sha256:03b74f5eeec0ac10d33ba23ac33d78f6f5450141fd45c17cb763003293ef35f8,2378
- completed:
    hackage: void-0.7.3@sha256:13d30f62fcdf065e595d679d4ac8b4b0c1bb1a1b73db7b5b5a8f857cb5c8a546,1857
    pantry-tree:
      size: 584
      sha256: 5730b45e857424c97d24ee1cf530be1fc782cd000221ac97b5568be886cbbc2b
  original:
    hackage: void-0.7.3@sha256:13d30f62fcdf065e595d679d4ac8b4b0c1bb1a1b73db7b5b5a8f857cb5c8a546,1857
- completed:
    hackage: wai-logger-2.3.6@sha256:2cf80c00b7247277f84e14869f43bf05e9cccb59ca26fb2b5bb20f74edae56e2,1671
    pantry-tree:
      size: 474
      sha256: fb306dbae04dd21fec070cbc431651e001e05c4714b1006bf8595c965a8fcfb1
  original:
    hackage: wai-logger-2.3.6@sha256:2cf80c00b7247277f84e14869f43bf05e9cccb59ca26fb2b5bb20f74edae56e2,1671
- completed:
    hackage: colour-2.3.5@sha256:b27db0a3ad40d70bdbd8510a104269f8707592e80757a1abc66a22ba25e5a42f,1801
    pantry-tree:
      size: 1183
      sha256: ff0f5e24e9f669ceedfcae4d11fd6c68820bbaa2e07ab277368946e9b0f6f8a4
  original:
    hackage: colour-2.3.5@sha256:b27db0a3ad40d70bdbd8510a104269f8707592e80757a1abc66a22ba25e5a42f,1801
- completed:
    hackage: easy-file-0.2.2@sha256:72303120495a9fed82276a7987434361edd6dfecafad241d7c6c03b68e4801e5,1048
    pantry-tree:
      size: 417
      sha256: 218acf3e0001825c43d70948e42a7b702de342fa34eab6fd41dd035a2f6ce8cf
  original:
    hackage: easy-file-0.2.2@sha256:72303120495a9fed82276a7987434361edd6dfecafad241d7c6c03b68e4801e5,1048
- completed:
    hackage: unix-time-0.4.7@sha256:c0d971d04561875b908451c563df8728fe6d8639c90e070b244227f13f76ab8e,2570
    pantry-tree:
      size: 1073
      sha256: bc28cbe467d99caa6399e7cd85cf33548776bbd2c1e91369fe10268c9de546e6
  original:
    hackage: unix-time-0.4.7@sha256:c0d971d04561875b908451c563df8728fe6d8639c90e070b244227f13f76ab8e,2570
- completed:
    hackage: old-time-1.1.0.3@sha256:c91fbb3ee73d20ccd015842b30f1f29a304893ebe0ae3128b7bbc13d5bb0d4c8,1328
    pantry-tree:
      size: 810
      sha256: 890bbbdf4175a409efd7c7c9fe153b71680e33bebeb74c9351d7d9d3a59d3d0e
  original:
    hackage: old-time-1.1.0.3@sha256:c91fbb3ee73d20ccd015842b30f1f29a304893ebe0ae3128b7bbc13d5bb0d4c8,1328
snapshots: []
